github.com/go-text/typesetting v0.3.4 h1:YYurUOtEb9kGSOz4uE3k4OpBGsp1dDL8+fjCeaFamAU=
github.com/go-text/typesetting v0.3.4/go.mod h1:4qZCQphq4KSgGTAeI0uMEkVbROgfah8BuyF5LRYr7XY=
github.com/go-text/typesetting-utils v0.0.0-20260223113751-2d88ac90dae3 h1:drBZzMgdYPbmyXqOto4YhhJGrFIQCX94FpR4MzTCsos=
github.com/go-text/typesetting-utils v0.0.0-20260223113751-2d88ac90dae3/go.mod h1:3/62I4La/HBRX9TcTpBj4eipLiwzf+vhI+7whTc9V7o=
github.com/go-webgpu/goffi v0.5.3 h1:Ckc94SdHO42bIb0oEapRIcv+jKjhjGJfb9zPEvNKC7U=
github.com/go-webgpu/goffi v0.5.3/go.mod h1:wfoxNsJkU+5RFbV1kNN1kunhc1lFHuJKK3zpgx08/uM=
github.com/go-webgpu/webgpu v0.5.2 h1:E+yKCbRw/Dgn77pb/CX3kXatwwROGX7/B4ZFbRPaRbQ=
github.com/go-webgpu/webgpu v0.5.2/go.mod h1:d2RR3tI2kUtcMfpC+qJt46IRkDslRhftjCfQvnprGkY=
github.com/gogpu/gg v0.48.8 h1:E1u8BzT/RFokk+Lne/wGqwZmhcVtu00X/taqDve+1vQ=
github.com/gogpu/gg v0.48.8/go.mod h1:Vx7O01Gx3b2oH406JC7A3kUfGq+ub7Kk6oRdbbnklp4=
github.com/gogpu/gogpu v0.41.12 h1:HgIfup/EkBFQddqD2vBLL15s8wuq+h7z6nciVOIsNb4=
github.com/gogpu/gogpu v0.41.12/go.mod h1:BB7Anhycnfv2zm+thQWXbsbLLxkP1EW31RggqAZekXc=
github.com/gogpu/gpucontext v0.19.0 h1:cVm5wUtK7F/anyYXc7vncrB/F9ujBQ2XUbi3oq4hBQ8=
github.com/gogpu/gpucontext v0.19.0/go.mod h1:6zwdmYXH5GQltoiHbb3WXVS/UJ5bFsCux0mXCVqGlzY=
github.com/gogpu/gpucontext v0.21.0 h1:O1SnXBiednIyVP4Zx5SASh0svYiG6g/wF1igNZVo1Pc=
github.com/gogpu/gpucontext v0.21.0/go.mod h1:6zwdmYXH5GQltoiHbb3WXVS/UJ5bFsCux0mXCVqGlzY=
github.com/gogpu/gputypes v0.5.0 h1:i2ED/9w6m6yLxf8XJT69/NIMSNTLO2y5F1LqvugCKIE=
github.com/gogpu/gputypes v0.5.0/go.mod h1:cnXrDMwTpWTvJLW1Vreop3PcT6a2YP/i3s91rPaOavw=
github.com/gogpu/naga v0.17.14 h1:/xUBCkCHSaSi991SSOeYADS9jjlAQivea4brYduI/So=
github.com/gogpu/naga v0.17.14/go.mod h1:15sQaHKkbqXcwTN+hHYGLsA0WBBnkmYzne/eF5p5WEg=
github.com/gogpu/wgpu v0.29.14 h1:Ewd1Ifn/EOlcLaJYni3e13svF8rTTnNTh/14nFBVSdo=
github.com/gogpu/wgpu v0.29.14/go.mod h1:bADGRXNCRDoItZMBd3t61v2L18jB7PJVC3N/0R0wZoA=
github.com/sverrehu/goutils v1.0.3 h1:iUpjoXzytmXNVd9fdB3MIw8b1sNO+sD8zaKzIM6rqxI=
github.com/sverrehu/goutils v1.0.3/go.mod h1:wWyA4qjpWkaOx0L2WZ/VnzzsgfUbsVi5e8pYTPPAUYE=
golang.org/x/image v0.42.0 h1:1gSs6ehNWXLbkHBIPcWztk3D/6aIA/8hauiAYtlodVY=
golang.org/x/image v0.42.0/go.mod h1:rrpelvGFt+kLPAjPM4HeWPgrl0FtafueU//e5N0qk/Q=
golang.org/x/sys v0.46.0 h1:noSf2Fq6F8DBgS+LysIkx7rIExoNHJsxOAtPp4rthXw=
golang.org/x/sys v0.46.0/go.mod h1:4GL1E5IUh+htKOUEOaiffhrAeqysfVGipDYzABqnCmw=
golang.org/x/text v0.38.0 h1:sXmwo9DwP3OK9EZ7PqAdaooSGozfl/3a6/xJcbzPRhE=
golang.org/x/text v0.38.0/go.mod h1:YXZt3QhHUKYT53r2lLKFIVi6Ao1jdzrTR/KQ09qyxF4=
