github.com/go-text/typesetting v0.3.4 h1:YYurUOtEb9kGSOz4uE3k4OpBGsp1dDL8+fjCeaFamAU=
github.com/go-text/typesetting v0.3.4/go.mod h1:4qZCQphq4KSgGTAeI0uMEkVbROgfah8BuyF5LRYr7XY=
github.com/go-text/typesetting-utils v0.0.0-20260223113751-2d88ac90dae3 h1:drBZzMgdYPbmyXqOto4YhhJGrFIQCX94FpR4MzTCsos=
github.com/go-text/typesetting-utils v0.0.0-20260223113751-2d88ac90dae3/go.mod h1:3/62I4La/HBRX9TcTpBj4eipLiwzf+vhI+7whTc9V7o=
github.com/go-webgpu/goffi v0.5.0 h1:EuvVRiRn9qAfCkYYXbHs9gz8NY+zv2/OA1N7gi56UVE=
github.com/go-webgpu/goffi v0.5.0/go.mod h1:wfoxNsJkU+5RFbV1kNN1kunhc1lFHuJKK3zpgx08/uM=
github.com/go-webgpu/goffi v0.5.1 h1:RSPR+YKT0tmbp5Uon+xwhN1veC9cehmqMptMkQuopok=
github.com/go-webgpu/goffi v0.5.1/go.mod h1:wfoxNsJkU+5RFbV1kNN1kunhc1lFHuJKK3zpgx08/uM=
github.com/go-webgpu/webgpu v0.4.3 h1:dIBf7WgO/7VL2Cj7IFcq151rWqvSknsFe6k/+ZEEXEE=
github.com/go-webgpu/webgpu v0.4.3/go.mod h1:HNIBiaMJNdPeQd6hmHdQsXg4t4R99xVQybnoDGOShe0=
github.com/gogpu/gg v0.46.9 h1:n4cKAiVeCrUeA6CqhcbnyyfeqqvMgSe4qQjJeV74xTk=
github.com/gogpu/gg v0.46.9/go.mod h1:NsQZ0v/wR4yjc8+ykccc/xf9Kh8XoC3OJZeFcXyoHWg=
github.com/gogpu/gg v0.46.11 h1:VcNQTYLLNMKhLtCS0URxEzezUar9S8i35wkPt9ThreY=
github.com/gogpu/gg v0.46.11/go.mod h1:GhTdx4C5FC7l2aEKvSryO0GVh5EYs5KHEQrEXulkLB4=
github.com/gogpu/gogpu v0.34.3 h1:tfnttpKedniwc0lqHgHE5660iuJe5us5BNcXRqm08+A=
github.com/gogpu/gogpu v0.34.3/go.mod h1:M03kOiwdf/ZUc+WYb5+FIPO5p1loCmfPY+qMJDlNTFw=
github.com/gogpu/gogpu v0.35.0 h1:8EUZLWu+JLt8UlnQkYk2JAWudHLf30ufwqRNXREJDTA=
github.com/gogpu/gogpu v0.35.0/go.mod h1:Y7o4T464KMcuQWqhy8A5YKqUrx1Jlmkavu44073EVvk=
github.com/gogpu/gpucontext v0.18.0 h1:Y48ScE0cNPevoqZEhT8CxWGh9C86TeCjtLu5eFU+Grw=
github.com/gogpu/gpucontext v0.18.0/go.mod h1:6zwdmYXH5GQltoiHbb3WXVS/UJ5bFsCux0mXCVqGlzY=
github.com/gogpu/gputypes v0.5.0 h1:i2ED/9w6m6yLxf8XJT69/NIMSNTLO2y5F1LqvugCKIE=
github.com/gogpu/gputypes v0.5.0/go.mod h1:cnXrDMwTpWTvJLW1Vreop3PcT6a2YP/i3s91rPaOavw=
github.com/gogpu/naga v0.17.13 h1:VlponVgD1fEfNotx0874M4n7tnfum8YlMEB3pBdd2Ps=
github.com/gogpu/naga v0.17.13/go.mod h1:15sQaHKkbqXcwTN+hHYGLsA0WBBnkmYzne/eF5p5WEg=
github.com/gogpu/wgpu v0.27.3 h1:VRR17ManIotIYkAN/sKBX1cyGa/jw6utGMXhEckINt4=
github.com/gogpu/wgpu v0.27.3/go.mod h1:LordcEpJM76P0Ispw3r+3F2fAhd8khbBL7PgUa2iW/A=
github.com/gogpu/wgpu v0.28.1 h1:3CnX9stWxYhsdHSxzObBBJurFv69Du9suYpL5yabEHY=
github.com/gogpu/wgpu v0.28.1/go.mod h1:icn/JDIIYMxk68DpU7t1f9xV+seRyFI2j3YBMY6qSho=
github.com/sverrehu/goutils v1.0.3 h1:iUpjoXzytmXNVd9fdB3MIw8b1sNO+sD8zaKzIM6rqxI=
github.com/sverrehu/goutils v1.0.3/go.mod h1:wWyA4qjpWkaOx0L2WZ/VnzzsgfUbsVi5e8pYTPPAUYE=
golang.org/x/image v0.40.0 h1:Tw4GyDXMo+daZN1znreBRC3VayR1aLFUyUEOLUdW1a8=
golang.org/x/image v0.40.0/go.mod h1:uIc348UZMSvS5Z65CVZ7iDPaNobNFEPeJ4kbqTOszmA=
golang.org/x/sys v0.44.0 h1:ildZl3J4uzeKP07r2F++Op7E9B29JRUy+a27EibtBTQ=
golang.org/x/sys v0.44.0/go.mod h1:4GL1E5IUh+htKOUEOaiffhrAeqysfVGipDYzABqnCmw=
golang.org/x/text v0.37.0 h1:Cqjiwd9eSg8e0QAkyCaQTNHFIIzWtidPahFWR83rTrc=
golang.org/x/text v0.37.0/go.mod h1:a5sjxXGs9hsn/AJVwuElvCAo9v8QYLzvavO5z2PiM38=
