github.com/go-webgpu/goffi v0.6.0 h1:dTBwfzj8CZUW0w0fgeMaYGBrIktK7nzfjMsnSpkSt4Y=
github.com/go-webgpu/goffi v0.6.0/go.mod h1:wfoxNsJkU+5RFbV1kNN1kunhc1lFHuJKK3zpgx08/uM=
github.com/go-webgpu/goffi v0.6.3 h1:p4gKGikHBAQ/8iUiew9MV4C5M1ZGIsk8QGFGuJjMj+A=
github.com/go-webgpu/goffi v0.6.3/go.mod h1:wfoxNsJkU+5RFbV1kNN1kunhc1lFHuJKK3zpgx08/uM=
github.com/go-webgpu/webgpu v0.5.3 h1:EFinkgY9eSNBsougS8Z+m5v4Ue8k2B1w9G77Dvh1wTQ=
github.com/go-webgpu/webgpu v0.5.3/go.mod h1:/kJpg7pKvyQqjg6ewvQBc9HmS2FuzVESRqopbdaaYW8=
github.com/go-webgpu/webgpu v0.5.5 h1:pIrXzRg0LRlNjNmR+ZNo/ERN88YaObzbCY5oYhir5SA=
github.com/go-webgpu/webgpu v0.5.5/go.mod h1:vgIuNTa1UlZ4njCGY6Pmp/0c5T5o2Ml2fQ0znLc7B98=
github.com/gogpu/gg v0.50.6 h1:iZp6iabWv6ZsdLMGXScJemygj7N/sxqJZpK/aMJr4gY=
github.com/gogpu/gg v0.50.6/go.mod h1:jEh3hQAlTQs9OusQe22NUNG1gZWRUovTUPidx5mu4fA=
github.com/gogpu/gogpu v0.44.8 h1:Jvt7pliIkr8YXVHWMQZpBLO4PDT+VgTG3+5kHoVSOeU=
github.com/gogpu/gogpu v0.44.8/go.mod h1:7Ocr6IOy03uftKRYB5WYz9wTPO4r01JXpbJsp4Xz7EU=
github.com/gogpu/gogpu v0.54.0 h1:b+eaNxrbkMm8CT2qnObG9bLXbF0Xe0XixTZ9migzhlw=
github.com/gogpu/gogpu v0.54.0/go.mod h1:V6+0B+iXxgiQkdlRJvUyjiYrGRDoooxYNgw9qTCZN8w=
github.com/gogpu/gpucontext v0.21.1 h1:/X96uCLG8QtQVfGPYPz8ycnfsAg0iTyzqzEadWBUupU=
github.com/gogpu/gpucontext v0.21.1/go.mod h1:OrT137boh5yPhqBEhF4UQKIOu1Jq74SLQzYa/m6JbNo=
github.com/gogpu/gpucontext v0.31.3 h1:SMnYOQgr+s5issi1R/Oezbo8lV5Lb6HWUZ4HujFgrZA=
github.com/gogpu/gpucontext v0.31.3/go.mod h1:pnyWQA9lpvESPAKoqzKlsg3pDMFSkxdjonu4gWvnNtA=
github.com/gogpu/gputypes v0.5.1 h1:X38OPcP6umQqqubzzJYL6Nm1tXHSNQj6TRSAoxdAJmg=
github.com/gogpu/gputypes v0.5.1/go.mod h1:cnXrDMwTpWTvJLW1Vreop3PcT6a2YP/i3s91rPaOavw=
github.com/gogpu/gputypes v0.8.0 h1:Iw4g9lqydTcAFKKQWfgbUpdY6WxObGtjf9SuRkzYMJw=
github.com/gogpu/gputypes v0.8.0/go.mod h1:cnXrDMwTpWTvJLW1Vreop3PcT6a2YP/i3s91rPaOavw=
github.com/gogpu/naga v0.17.15 h1:uyy4bc8wYlvDaYOpmCBYrJ+d+e7ZqP2BN36csmRVs7o=
github.com/gogpu/naga v0.17.15/go.mod h1:15sQaHKkbqXcwTN+hHYGLsA0WBBnkmYzne/eF5p5WEg=
github.com/gogpu/naga v0.19.0 h1:+Pu7kahdMhvRWtpEbTW5YFQZPoklccMO4vryEk6w9zU=
github.com/gogpu/naga v0.19.0/go.mod h1:15sQaHKkbqXcwTN+hHYGLsA0WBBnkmYzne/eF5p5WEg=
github.com/gogpu/wgpu v0.30.21 h1:4wjMBBE7jPeBvusHrI7xqohXMnF/P33sSA90xEk7lyg=
github.com/gogpu/wgpu v0.30.21/go.mod h1:GWf1tA/Lr9n+aFUa0bMOFJKMU0BwSeYNGTZdQMFjx7Q=
github.com/gogpu/wgpu v0.34.2 h1:RUoxsaAOQF969pqbz+WSK6PAe8kEeAQX+FqODeJIo7A=
github.com/gogpu/wgpu v0.34.2/go.mod h1:erhaIjD9psJKjHqAhn5MWdJETcACR1NGoqLhkTAHkFM=
github.com/sverrehu/goutils v1.0.3 h1:iUpjoXzytmXNVd9fdB3MIw8b1sNO+sD8zaKzIM6rqxI=
github.com/sverrehu/goutils v1.0.3/go.mod h1:wWyA4qjpWkaOx0L2WZ/VnzzsgfUbsVi5e8pYTPPAUYE=
github.com/sverrehu/goutils v1.0.4 h1:Jl04HsH19mArDYzPJSIEdscSOWFpzsFnDdxo3A6FGDw=
github.com/sverrehu/goutils v1.0.4/go.mod h1:nJMD3vZPZ65/ENKWswzWYmYbSkKwmMbgzEvYWR94qMc=
golang.org/x/image v0.44.0 h1:+tDekMZED9+LrtB3G5xzRggpVh9CARjZqROla3R3R+I=
golang.org/x/image v0.44.0/go.mod h1:V8K3KE9KKKE+pLpQDOeN18w9oacNSvy1tDOirTu4xtY=
golang.org/x/image v0.45.0 h1:FMb1nTbH5H9vF55SriQHgFw5GnNL9Jg6L25BwXKzhB0=
golang.org/x/image v0.45.0/go.mod h1:n62x/7RqlwXDvGsSU4u6IUTUf6KghUZ9Bt7cG/T9Fx4=
golang.org/x/sys v0.47.0 h1:o7XGOvZQCADBQQ4Y7VNq2dRWQR7JmOUW8Kxx4ZsNgWs=
golang.org/x/sys v0.47.0/go.mod h1:4GL1E5IUh+htKOUEOaiffhrAeqysfVGipDYzABqnCmw=
golang.org/x/text v0.40.0 h1:Ub2Z6/xjgF1WrYQz2nuITOEegKFtiIy+rieRJ5lHZKs=
golang.org/x/text v0.40.0/go.mod h1:hpnzDAfGV753zIKo+wk3u1bVKCGPbrnF7+7LBF/UHVY=
golang.org/x/text v0.41.0 h1:vz/seA0lnX87Othu2f/0L24RcgrXD9/YFTSuGjj3rH8=
golang.org/x/text v0.41.0/go.mod h1:jvf1O8ajNzZqhSrQBPbutR/EB83Cc0CFrezNQIwbb5M=
